<?xml version="1.0" encoding="UTF-8" standalone="yes" ?>
<CodeBlocks_project_file>
	<FileVersion major="1" minor="6" />
	<Project>
		<Option title="MPI" />
		<Option pch_mode="2" />
		<Option compiler="gcc" />
		<Build>
			<Target title="Debug">
				<Option output="bin/Debug/MPI" prefix_auto="1" extension_auto="1" />
				<Option object_output="obj/Debug/" />
				<Option type="1" />
				<Option compiler="gcc" />
				<Compiler>
					<Add option="-g" />
				</Compiler>
			</Target>
			<Target title="Release">
				<Option output="bin/Release/MPI" prefix_auto="1" extension_auto="1" />
				<Option object_output="obj/Release/" />
				<Option type="1" />
				<Option compiler="gcc" />
				<Compiler>
					<Add option="-O2" />
				</Compiler>
				<Linker>
					<Add option="-s" />
				</Linker>
			</Target>
		</Build>
		<Compiler>
			<Add option="-Wall" />
			<Add option="-fexceptions" />
		</Compiler>
		<Unit filename="A5_automate.cpp" />
		<Unit filename="A5_automate.h" />
		<Unit filename="A5_ensemble.cpp" />
		<Unit filename="A5_ensemble.h" />
		<Unit filename="A5_etat.cpp" />
		<Unit filename="A5_etat.h" />
		<Unit filename="A5_execution.cpp" />
		<Unit filename="A5_execution.hpp" />
		<Unit filename="A5_interface.cpp" />
		<Unit filename="A5_interface.hpp" />
		<Unit filename="A5_main.cpp" />
		<Unit filename="A5_utile.cpp" />
		<Unit filename="A5_utile.h" />
		<Extensions>
			<code_completion />
			<envvars />
			<debugger />
			<lib_finder disable_auto="1" />
		</Extensions>
	</Project>
</CodeBlocks_project_file>
